
Microsoft Visual Studio Solution File, Format Version 12.00
# Visual Studio 15
VisualStudioVersion = 15.0.27130.2010
MinimumVisualStudioVersion = 10.0.40219.1
Project("{9A19103F-16F7-4668-BE54-9A1E7A4F7556}") = "YLog_NetCore2", "YLog_NetCore2\YLog_NetCore2.csproj", "{FC6990AD-DB3B-4850-8C38-901DC9952451}"
EndProject
Project("{9A19103F-16F7-4668-BE54-9A1E7A4F7556}") = "YLog_NetCore2.Test", "YLog_NetCore2.Test\YLog_NetCore2.Test.csproj", "{CCDCF4E5-E982-43F7-BA7C-C709398B998E}"
EndProject
Project("{FAE04EC0-301F-11D3-BF4B-00C04F79EFBC}") = "YLog_Net460", "YLog_Net460\YLog_Net460.csproj", "{DC1132DF-DA1A-4ABE-91F7-0DC8BCF26BD4}"
EndProject
Project("{FAE04EC0-301F-11D3-BF4B-00C04F79EFBC}") = "YLog_Net450", "YLog_Net450\YLog_Net450.csproj", "{5AC834A7-C102-4BD2-A616-320C3CA95382}"
EndProject
Project("{FAE04EC0-301F-11D3-BF4B-00C04F79EFBC}") = "YLog_Net451", "YLog_Net451\YLog_Net451.csproj", "{B133E2D9-3466-4756-A6CF-4B3A670240C6}"
EndProject
Project("{FAE04EC0-301F-11D3-BF4B-00C04F79EFBC}") = "YLog_Net452", "YLog_Net452\YLog_Net452.csproj", "{9AEBB01E-313E-4664-B98B-C213C7AA992C}"
EndProject
Project("{FAE04EC0-301F-11D3-BF4B-00C04F79EFBC}") = "YLog_Net461", "YLog_Net461\YLog_Net461.csproj", "{17BD9B75-DEAA-4EBD-B0BA-7328E50789F0}"
EndProject
Project("{FAE04EC0-301F-11D3-BF4B-00C04F79EFBC}") = "YLog_Net462", "YLog_Net462\YLog_Net462.csproj", "{E80E1A12-BC37-42A0-9D90-CF726ACD4960}"
EndProject
Project("{FAE04EC0-301F-11D3-BF4B-00C04F79EFBC}") = "YLog_Net470", "YLog_Net470\YLog_Net470.csproj", "{8C788ED1-8235-4B63-8787-B6F646D93017}"
EndProject
Project("{FAE04EC0-301F-11D3-BF4B-00C04F79EFBC}") = "YLog_Net471", "YLog_Net471\YLog_Net471.csproj", "{A204C6BE-29BE-4511-B1D7-29CC512A9720}"
EndProject
Global
	GlobalSection(SolutionConfigurationPlatforms) = preSolution
		Debug|Any CPU = Debug|Any CPU
		Debug|x64 = Debug|x64
		Debug|x86 = Debug|x86
		Release|Any CPU = Release|Any CPU
		Release|x64 = Release|x64
		Release|x86 = Release|x86
	EndGlobalSection
	GlobalSection(ProjectConfigurationPlatforms) = postSolution
		{FC6990AD-DB3B-4850-8C38-901DC9952451}.Debug|Any CPU.ActiveCfg = Debug|Any CPU
		{FC6990AD-DB3B-4850-8C38-901DC9952451}.Debug|Any CPU.Build.0 = Debug|Any CPU
		{FC6990AD-DB3B-4850-8C38-901DC9952451}.Debug|x64.ActiveCfg = Debug|Any CPU
		{FC6990AD-DB3B-4850-8C38-901DC9952451}.Debug|x64.Build.0 = Debug|Any CPU
		{FC6990AD-DB3B-4850-8C38-901DC9952451}.Debug|x86.ActiveCfg = Debug|Any CPU
		{FC6990AD-DB3B-4850-8C38-901DC9952451}.Debug|x86.Build.0 = Debug|Any CPU
		{FC6990AD-DB3B-4850-8C38-901DC9952451}.Release|Any CPU.ActiveCfg = Release|Any CPU
		{FC6990AD-DB3B-4850-8C38-901DC9952451}.Release|Any CPU.Build.0 = Release|Any CPU
		{FC6990AD-DB3B-4850-8C38-901DC9952451}.Release|x64.ActiveCfg = Release|Any CPU
		{FC6990AD-DB3B-4850-8C38-901DC9952451}.Release|x64.Build.0 = Release|Any CPU
		{FC6990AD-DB3B-4850-8C38-901DC9952451}.Release|x86.ActiveCfg = Release|Any CPU
		{FC6990AD-DB3B-4850-8C38-901DC9952451}.Release|x86.Build.0 = Release|Any CPU
		{CCDCF4E5-E982-43F7-BA7C-C709398B998E}.Debug|Any CPU.ActiveCfg = Debug|Any CPU
		{CCDCF4E5-E982-43F7-BA7C-C709398B998E}.Debug|Any CPU.Build.0 = Debug|Any CPU
		{CCDCF4E5-E982-43F7-BA7C-C709398B998E}.Debug|x64.ActiveCfg = Debug|Any CPU
		{CCDCF4E5-E982-43F7-BA7C-C709398B998E}.Debug|x64.Build.0 = Debug|Any CPU
		{CCDCF4E5-E982-43F7-BA7C-C709398B998E}.Debug|x86.ActiveCfg = Debug|Any CPU
		{CCDCF4E5-E982-43F7-BA7C-C709398B998E}.Debug|x86.Build.0 = Debug|Any CPU
		{CCDCF4E5-E982-43F7-BA7C-C709398B998E}.Release|Any CPU.ActiveCfg = Release|Any CPU
		{CCDCF4E5-E982-43F7-BA7C-C709398B998E}.Release|Any CPU.Build.0 = Release|Any CPU
		{CCDCF4E5-E982-43F7-BA7C-C709398B998E}.Release|x64.ActiveCfg = Release|Any CPU
		{CCDCF4E5-E982-43F7-BA7C-C709398B998E}.Release|x64.Build.0 = Release|Any CPU
		{CCDCF4E5-E982-43F7-BA7C-C709398B998E}.Release|x86.ActiveCfg = Release|Any CPU
		{CCDCF4E5-E982-43F7-BA7C-C709398B998E}.Release|x86.Build.0 = Release|Any CPU
		{DC1132DF-DA1A-4ABE-91F7-0DC8BCF26BD4}.Debug|Any CPU.ActiveCfg = Debug|Any CPU
		{DC1132DF-DA1A-4ABE-91F7-0DC8BCF26BD4}.Debug|Any CPU.Build.0 = Debug|Any CPU
		{DC1132DF-DA1A-4ABE-91F7-0DC8BCF26BD4}.Debug|x64.ActiveCfg = Debug|Any CPU
		{DC1132DF-DA1A-4ABE-91F7-0DC8BCF26BD4}.Debug|x64.Build.0 = Debug|Any CPU
		{DC1132DF-DA1A-4ABE-91F7-0DC8BCF26BD4}.Debug|x86.ActiveCfg = Debug|Any CPU
		{DC1132DF-DA1A-4ABE-91F7-0DC8BCF26BD4}.Debug|x86.Build.0 = Debug|Any CPU
		{DC1132DF-DA1A-4ABE-91F7-0DC8BCF26BD4}.Release|Any CPU.ActiveCfg = Release|Any CPU
		{DC1132DF-DA1A-4ABE-91F7-0DC8BCF26BD4}.Release|Any CPU.Build.0 = Release|Any CPU
		{DC1132DF-DA1A-4ABE-91F7-0DC8BCF26BD4}.Release|x64.ActiveCfg = Release|Any CPU
		{DC1132DF-DA1A-4ABE-91F7-0DC8BCF26BD4}.Release|x64.Build.0 = Release|Any CPU
		{DC1132DF-DA1A-4ABE-91F7-0DC8BCF26BD4}.Release|x86.ActiveCfg = Release|Any CPU
		{DC1132DF-DA1A-4ABE-91F7-0DC8BCF26BD4}.Release|x86.Build.0 = Release|Any CPU
		{5AC834A7-C102-4BD2-A616-320C3CA95382}.Debug|Any CPU.ActiveCfg = Debug|Any CPU
		{5AC834A7-C102-4BD2-A616-320C3CA95382}.Debug|Any CPU.Build.0 = Debug|Any CPU
		{5AC834A7-C102-4BD2-A616-320C3CA95382}.Debug|x64.ActiveCfg = Debug|Any CPU
		{5AC834A7-C102-4BD2-A616-320C3CA95382}.Debug|x64.Build.0 = Debug|Any CPU
		{5AC834A7-C102-4BD2-A616-320C3CA95382}.Debug|x86.ActiveCfg = Debug|Any CPU
		{5AC834A7-C102-4BD2-A616-320C3CA95382}.Debug|x86.Build.0 = Debug|Any CPU
		{5AC834A7-C102-4BD2-A616-320C3CA95382}.Release|Any CPU.ActiveCfg = Release|Any CPU
		{5AC834A7-C102-4BD2-A616-320C3CA95382}.Release|Any CPU.Build.0 = Release|Any CPU
		{5AC834A7-C102-4BD2-A616-320C3CA95382}.Release|x64.ActiveCfg = Release|Any CPU
		{5AC834A7-C102-4BD2-A616-320C3CA95382}.Release|x64.Build.0 = Release|Any CPU
		{5AC834A7-C102-4BD2-A616-320C3CA95382}.Release|x86.ActiveCfg = Release|Any CPU
		{5AC834A7-C102-4BD2-A616-320C3CA95382}.Release|x86.Build.0 = Release|Any CPU
		{B133E2D9-3466-4756-A6CF-4B3A670240C6}.Debug|Any CPU.ActiveCfg = Debug|Any CPU
		{B133E2D9-3466-4756-A6CF-4B3A670240C6}.Debug|Any CPU.Build.0 = Debug|Any CPU
		{B133E2D9-3466-4756-A6CF-4B3A670240C6}.Debug|x64.ActiveCfg = Debug|Any CPU
		{B133E2D9-3466-4756-A6CF-4B3A670240C6}.Debug|x64.Build.0 = Debug|Any CPU
		{B133E2D9-3466-4756-A6CF-4B3A670240C6}.Debug|x86.ActiveCfg = Debug|Any CPU
		{B133E2D9-3466-4756-A6CF-4B3A670240C6}.Debug|x86.Build.0 = Debug|Any CPU
		{B133E2D9-3466-4756-A6CF-4B3A670240C6}.Release|Any CPU.ActiveCfg = Release|Any CPU
		{B133E2D9-3466-4756-A6CF-4B3A670240C6}.Release|Any CPU.Build.0 = Release|Any CPU
		{B133E2D9-3466-4756-A6CF-4B3A670240C6}.Release|x64.ActiveCfg = Release|Any CPU
		{B133E2D9-3466-4756-A6CF-4B3A670240C6}.Release|x64.Build.0 = Release|Any CPU
		{B133E2D9-3466-4756-A6CF-4B3A670240C6}.Release|x86.ActiveCfg = Release|Any CPU
		{B133E2D9-3466-4756-A6CF-4B3A670240C6}.Release|x86.Build.0 = Release|Any CPU
		{9AEBB01E-313E-4664-B98B-C213C7AA992C}.Debug|Any CPU.ActiveCfg = Debug|Any CPU
		{9AEBB01E-313E-4664-B98B-C213C7AA992C}.Debug|Any CPU.Build.0 = Debug|Any CPU
		{9AEBB01E-313E-4664-B98B-C213C7AA992C}.Debug|x64.ActiveCfg = Debug|Any CPU
		{9AEBB01E-313E-4664-B98B-C213C7AA992C}.Debug|x64.Build.0 = Debug|Any CPU
		{9AEBB01E-313E-4664-B98B-C213C7AA992C}.Debug|x86.ActiveCfg = Debug|Any CPU
		{9AEBB01E-313E-4664-B98B-C213C7AA992C}.Debug|x86.Build.0 = Debug|Any CPU
		{9AEBB01E-313E-4664-B98B-C213C7AA992C}.Release|Any CPU.ActiveCfg = Release|Any CPU
		{9AEBB01E-313E-4664-B98B-C213C7AA992C}.Release|Any CPU.Build.0 = Release|Any CPU
		{9AEBB01E-313E-4664-B98B-C213C7AA992C}.Release|x64.ActiveCfg = Release|Any CPU
		{9AEBB01E-313E-4664-B98B-C213C7AA992C}.Release|x64.Build.0 = Release|Any CPU
		{9AEBB01E-313E-4664-B98B-C213C7AA992C}.Release|x86.ActiveCfg = Release|Any CPU
		{9AEBB01E-313E-4664-B98B-C213C7AA992C}.Release|x86.Build.0 = Release|Any CPU
		{17BD9B75-DEAA-4EBD-B0BA-7328E50789F0}.Debug|Any CPU.ActiveCfg = Debug|Any CPU
		{17BD9B75-DEAA-4EBD-B0BA-7328E50789F0}.Debug|Any CPU.Build.0 = Debug|Any CPU
		{17BD9B75-DEAA-4EBD-B0BA-7328E50789F0}.Debug|x64.ActiveCfg = Debug|Any CPU
		{17BD9B75-DEAA-4EBD-B0BA-7328E50789F0}.Debug|x64.Build.0 = Debug|Any CPU
		{17BD9B75-DEAA-4EBD-B0BA-7328E50789F0}.Debug|x86.ActiveCfg = Debug|Any CPU
		{17BD9B75-DEAA-4EBD-B0BA-7328E50789F0}.Debug|x86.Build.0 = Debug|Any CPU
		{17BD9B75-DEAA-4EBD-B0BA-7328E50789F0}.Release|Any CPU.ActiveCfg = Release|Any CPU
		{17BD9B75-DEAA-4EBD-B0BA-7328E50789F0}.Release|Any CPU.Build.0 = Release|Any CPU
		{17BD9B75-DEAA-4EBD-B0BA-7328E50789F0}.Release|x64.ActiveCfg = Release|Any CPU
		{17BD9B75-DEAA-4EBD-B0BA-7328E50789F0}.Release|x64.Build.0 = Release|Any CPU
		{17BD9B75-DEAA-4EBD-B0BA-7328E50789F0}.Release|x86.ActiveCfg = Release|Any CPU
		{17BD9B75-DEAA-4EBD-B0BA-7328E50789F0}.Release|x86.Build.0 = Release|Any CPU
		{E80E1A12-BC37-42A0-9D90-CF726ACD4960}.Debug|Any CPU.ActiveCfg = Debug|Any CPU
		{E80E1A12-BC37-42A0-9D90-CF726ACD4960}.Debug|Any CPU.Build.0 = Debug|Any CPU
		{E80E1A12-BC37-42A0-9D90-CF726ACD4960}.Debug|x64.ActiveCfg = Debug|Any CPU
		{E80E1A12-BC37-42A0-9D90-CF726ACD4960}.Debug|x64.Build.0 = Debug|Any CPU
		{E80E1A12-BC37-42A0-9D90-CF726ACD4960}.Debug|x86.ActiveCfg = Debug|Any CPU
		{E80E1A12-BC37-42A0-9D90-CF726ACD4960}.Debug|x86.Build.0 = Debug|Any CPU
		{E80E1A12-BC37-42A0-9D90-CF726ACD4960}.Release|Any CPU.ActiveCfg = Release|Any CPU
		{E80E1A12-BC37-42A0-9D90-CF726ACD4960}.Release|Any CPU.Build.0 = Release|Any CPU
		{E80E1A12-BC37-42A0-9D90-CF726ACD4960}.Release|x64.ActiveCfg = Release|Any CPU
		{E80E1A12-BC37-42A0-9D90-CF726ACD4960}.Release|x64.Build.0 = Release|Any CPU
		{E80E1A12-BC37-42A0-9D90-CF726ACD4960}.Release|x86.ActiveCfg = Release|Any CPU
		{E80E1A12-BC37-42A0-9D90-CF726ACD4960}.Release|x86.Build.0 = Release|Any CPU
		{8C788ED1-8235-4B63-8787-B6F646D93017}.Debug|Any CPU.ActiveCfg = Debug|Any CPU
		{8C788ED1-8235-4B63-8787-B6F646D93017}.Debug|Any CPU.Build.0 = Debug|Any CPU
		{8C788ED1-8235-4B63-8787-B6F646D93017}.Debug|x64.ActiveCfg = Debug|Any CPU
		{8C788ED1-8235-4B63-8787-B6F646D93017}.Debug|x64.Build.0 = Debug|Any CPU
		{8C788ED1-8235-4B63-8787-B6F646D93017}.Debug|x86.ActiveCfg = Debug|Any CPU
		{8C788ED1-8235-4B63-8787-B6F646D93017}.Debug|x86.Build.0 = Debug|Any CPU
		{8C788ED1-8235-4B63-8787-B6F646D93017}.Release|Any CPU.ActiveCfg = Release|Any CPU
		{8C788ED1-8235-4B63-8787-B6F646D93017}.Release|Any CPU.Build.0 = Release|Any CPU
		{8C788ED1-8235-4B63-8787-B6F646D93017}.Release|x64.ActiveCfg = Release|Any CPU
		{8C788ED1-8235-4B63-8787-B6F646D93017}.Release|x64.Build.0 = Release|Any CPU
		{8C788ED1-8235-4B63-8787-B6F646D93017}.Release|x86.ActiveCfg = Release|Any CPU
		{8C788ED1-8235-4B63-8787-B6F646D93017}.Release|x86.Build.0 = Release|Any CPU
		{A204C6BE-29BE-4511-B1D7-29CC512A9720}.Debug|Any CPU.ActiveCfg = Debug|Any CPU
		{A204C6BE-29BE-4511-B1D7-29CC512A9720}.Debug|Any CPU.Build.0 = Debug|Any CPU
		{A204C6BE-29BE-4511-B1D7-29CC512A9720}.Debug|x64.ActiveCfg = Debug|Any CPU
		{A204C6BE-29BE-4511-B1D7-29CC512A9720}.Debug|x64.Build.0 = Debug|Any CPU
		{A204C6BE-29BE-4511-B1D7-29CC512A9720}.Debug|x86.ActiveCfg = Debug|Any CPU
		{A204C6BE-29BE-4511-B1D7-29CC512A9720}.Debug|x86.Build.0 = Debug|Any CPU
		{A204C6BE-29BE-4511-B1D7-29CC512A9720}.Release|Any CPU.ActiveCfg = Release|Any CPU
		{A204C6BE-29BE-4511-B1D7-29CC512A9720}.Release|Any CPU.Build.0 = Release|Any CPU
		{A204C6BE-29BE-4511-B1D7-29CC512A9720}.Release|x64.ActiveCfg = Release|Any CPU
		{A204C6BE-29BE-4511-B1D7-29CC512A9720}.Release|x64.Build.0 = Release|Any CPU
		{A204C6BE-29BE-4511-B1D7-29CC512A9720}.Release|x86.ActiveCfg = Release|Any CPU
		{A204C6BE-29BE-4511-B1D7-29CC512A9720}.Release|x86.Build.0 = Release|Any CPU
	EndGlobalSection
	GlobalSection(SolutionProperties) = preSolution
		HideSolutionNode = FALSE
	EndGlobalSection
	GlobalSection(ExtensibilityGlobals) = postSolution
		SolutionGuid = {F16766B3-3730-474F-874F-85AC7244D7ED}
	EndGlobalSection
EndGlobal
