
Microsoft Visual Studio Solution File, Format Version 12.00
# Visual Studio 15
VisualStudioVersion = 15.0.27130.2010
MinimumVisualStudioVersion = 10.0.40219.1
Project("{FAE04EC0-301F-11D3-BF4B-00C04F79EFBC}") = "YLog_Net46", "YLog\YLog_Net46.csproj", "{78CE0252-6DC2-49E5-9EEB-C521CF29C56F}"
EndProject
Project("{FAE04EC0-301F-11D3-BF4B-00C04F79EFBC}") = "YLog.ConsoleTest", "YLog.ConsoleTest\YLog.ConsoleTest.csproj", "{6957B7FD-8517-48A8-B9A7-7ADB21C5A6AE}"
EndProject
Project("{FAE04EC0-301F-11D3-BF4B-00C04F79EFBC}") = "YLog_Net461", "YLog_Net461\YLog_Net461.csproj", "{097CD4A5-2934-46B7-94C4-7B15F8E677A2}"
EndProject
Project("{FAE04EC0-301F-11D3-BF4B-00C04F79EFBC}") = "YLog_Net462", "YLog_Net462\YLog_Net462.csproj", "{B3E8A51E-5A1F-4EC8-A50B-7C39A1F7F571}"
EndProject
Project("{FAE04EC0-301F-11D3-BF4B-00C04F79EFBC}") = "YLog_Net452", "YLog_Net452\YLog_Net452.csproj", "{DE05F777-183A-462B-9C34-C0477B3C95E4}"
EndProject
Project("{FAE04EC0-301F-11D3-BF4B-00C04F79EFBC}") = "YLog_Net451", "YLog_Net451\YLog_Net451.csproj", "{F3A4C299-FCBE-4425-85B4-5CFA42D7F235}"
EndProject
Project("{FAE04EC0-301F-11D3-BF4B-00C04F79EFBC}") = "YLog_Net4", "YLog_Net4\YLog_Net4.csproj", "{EB2B7823-455B-44E1-9CCB-70498001E69D}"
EndProject
Project("{FAE04EC0-301F-11D3-BF4B-00C04F79EFBC}") = "YLog_Net45", "YLog_Net45\YLog_Net45.csproj", "{834A15EE-D778-4FED-8164-799C6107122E}"
EndProject
Project("{9A19103F-16F7-4668-BE54-9A1E7A4F7556}") = "YLog_NetCore2", "YLog_NetCore2\YLog_NetCore2.csproj", "{FC6990AD-DB3B-4850-8C38-901DC9952451}"
EndProject
Project("{FAE04EC0-301F-11D3-BF4B-00C04F79EFBC}") = "YLog_NetCoreConsoleTest", "YLog_NetCoreConsoleTest\YLog_NetCoreConsoleTest.csproj", "{006E6A9D-E92E-424B-9F35-70C30F28E4DD}"
EndProject
Global
	GlobalSection(SolutionConfigurationPlatforms) = preSolution
		Debug|Any CPU = Debug|Any CPU
		Debug|x64 = Debug|x64
		Debug|x86 = Debug|x86
		Release|Any CPU = Release|Any CPU
		Release|x64 = Release|x64
		Release|x86 = Release|x86
	EndGlobalSection
	GlobalSection(ProjectConfigurationPlatforms) = postSolution
		{78CE0252-6DC2-49E5-9EEB-C521CF29C56F}.Debug|Any CPU.ActiveCfg = Debug|Any CPU
		{78CE0252-6DC2-49E5-9EEB-C521CF29C56F}.Debug|Any CPU.Build.0 = Debug|Any CPU
		{78CE0252-6DC2-49E5-9EEB-C521CF29C56F}.Debug|x64.ActiveCfg = Debug|x64
		{78CE0252-6DC2-49E5-9EEB-C521CF29C56F}.Debug|x64.Build.0 = Debug|x64
		{78CE0252-6DC2-49E5-9EEB-C521CF29C56F}.Debug|x86.ActiveCfg = Debug|x86
		{78CE0252-6DC2-49E5-9EEB-C521CF29C56F}.Debug|x86.Build.0 = Debug|x86
		{78CE0252-6DC2-49E5-9EEB-C521CF29C56F}.Release|Any CPU.ActiveCfg = Release|Any CPU
		{78CE0252-6DC2-49E5-9EEB-C521CF29C56F}.Release|Any CPU.Build.0 = Release|Any CPU
		{78CE0252-6DC2-49E5-9EEB-C521CF29C56F}.Release|x64.ActiveCfg = Release|x64
		{78CE0252-6DC2-49E5-9EEB-C521CF29C56F}.Release|x64.Build.0 = Release|x64
		{78CE0252-6DC2-49E5-9EEB-C521CF29C56F}.Release|x86.ActiveCfg = Release|x86
		{78CE0252-6DC2-49E5-9EEB-C521CF29C56F}.Release|x86.Build.0 = Release|x86
		{6957B7FD-8517-48A8-B9A7-7ADB21C5A6AE}.Debug|Any CPU.ActiveCfg = Debug|Any CPU
		{6957B7FD-8517-48A8-B9A7-7ADB21C5A6AE}.Debug|Any CPU.Build.0 = Debug|Any CPU
		{6957B7FD-8517-48A8-B9A7-7ADB21C5A6AE}.Debug|x64.ActiveCfg = Debug|x64
		{6957B7FD-8517-48A8-B9A7-7ADB21C5A6AE}.Debug|x64.Build.0 = Debug|x64
		{6957B7FD-8517-48A8-B9A7-7ADB21C5A6AE}.Debug|x86.ActiveCfg = Debug|x86
		{6957B7FD-8517-48A8-B9A7-7ADB21C5A6AE}.Debug|x86.Build.0 = Debug|x86
		{6957B7FD-8517-48A8-B9A7-7ADB21C5A6AE}.Release|Any CPU.ActiveCfg = Release|Any CPU
		{6957B7FD-8517-48A8-B9A7-7ADB21C5A6AE}.Release|Any CPU.Build.0 = Release|Any CPU
		{6957B7FD-8517-48A8-B9A7-7ADB21C5A6AE}.Release|x64.ActiveCfg = Release|x64
		{6957B7FD-8517-48A8-B9A7-7ADB21C5A6AE}.Release|x64.Build.0 = Release|x64
		{6957B7FD-8517-48A8-B9A7-7ADB21C5A6AE}.Release|x86.ActiveCfg = Release|x86
		{6957B7FD-8517-48A8-B9A7-7ADB21C5A6AE}.Release|x86.Build.0 = Release|x86
		{097CD4A5-2934-46B7-94C4-7B15F8E677A2}.Debug|Any CPU.ActiveCfg = Debug|Any CPU
		{097CD4A5-2934-46B7-94C4-7B15F8E677A2}.Debug|Any CPU.Build.0 = Debug|Any CPU
		{097CD4A5-2934-46B7-94C4-7B15F8E677A2}.Debug|x64.ActiveCfg = Debug|x64
		{097CD4A5-2934-46B7-94C4-7B15F8E677A2}.Debug|x64.Build.0 = Debug|x64
		{097CD4A5-2934-46B7-94C4-7B15F8E677A2}.Debug|x86.ActiveCfg = Debug|x86
		{097CD4A5-2934-46B7-94C4-7B15F8E677A2}.Debug|x86.Build.0 = Debug|x86
		{097CD4A5-2934-46B7-94C4-7B15F8E677A2}.Release|Any CPU.ActiveCfg = Release|Any CPU
		{097CD4A5-2934-46B7-94C4-7B15F8E677A2}.Release|Any CPU.Build.0 = Release|Any CPU
		{097CD4A5-2934-46B7-94C4-7B15F8E677A2}.Release|x64.ActiveCfg = Release|x64
		{097CD4A5-2934-46B7-94C4-7B15F8E677A2}.Release|x64.Build.0 = Release|x64
		{097CD4A5-2934-46B7-94C4-7B15F8E677A2}.Release|x86.ActiveCfg = Release|x86
		{097CD4A5-2934-46B7-94C4-7B15F8E677A2}.Release|x86.Build.0 = Release|x86
		{B3E8A51E-5A1F-4EC8-A50B-7C39A1F7F571}.Debug|Any CPU.ActiveCfg = Debug|Any CPU
		{B3E8A51E-5A1F-4EC8-A50B-7C39A1F7F571}.Debug|Any CPU.Build.0 = Debug|Any CPU
		{B3E8A51E-5A1F-4EC8-A50B-7C39A1F7F571}.Debug|x64.ActiveCfg = Debug|x64
		{B3E8A51E-5A1F-4EC8-A50B-7C39A1F7F571}.Debug|x64.Build.0 = Debug|x64
		{B3E8A51E-5A1F-4EC8-A50B-7C39A1F7F571}.Debug|x86.ActiveCfg = Debug|x86
		{B3E8A51E-5A1F-4EC8-A50B-7C39A1F7F571}.Debug|x86.Build.0 = Debug|x86
		{B3E8A51E-5A1F-4EC8-A50B-7C39A1F7F571}.Release|Any CPU.ActiveCfg = Release|Any CPU
		{B3E8A51E-5A1F-4EC8-A50B-7C39A1F7F571}.Release|Any CPU.Build.0 = Release|Any CPU
		{B3E8A51E-5A1F-4EC8-A50B-7C39A1F7F571}.Release|x64.ActiveCfg = Release|x64
		{B3E8A51E-5A1F-4EC8-A50B-7C39A1F7F571}.Release|x64.Build.0 = Release|x64
		{B3E8A51E-5A1F-4EC8-A50B-7C39A1F7F571}.Release|x86.ActiveCfg = Release|x86
		{B3E8A51E-5A1F-4EC8-A50B-7C39A1F7F571}.Release|x86.Build.0 = Release|x86
		{DE05F777-183A-462B-9C34-C0477B3C95E4}.Debug|Any CPU.ActiveCfg = Debug|Any CPU
		{DE05F777-183A-462B-9C34-C0477B3C95E4}.Debug|Any CPU.Build.0 = Debug|Any CPU
		{DE05F777-183A-462B-9C34-C0477B3C95E4}.Debug|x64.ActiveCfg = Debug|x64
		{DE05F777-183A-462B-9C34-C0477B3C95E4}.Debug|x64.Build.0 = Debug|x64
		{DE05F777-183A-462B-9C34-C0477B3C95E4}.Debug|x86.ActiveCfg = Debug|x86
		{DE05F777-183A-462B-9C34-C0477B3C95E4}.Debug|x86.Build.0 = Debug|x86
		{DE05F777-183A-462B-9C34-C0477B3C95E4}.Release|Any CPU.ActiveCfg = Release|Any CPU
		{DE05F777-183A-462B-9C34-C0477B3C95E4}.Release|Any CPU.Build.0 = Release|Any CPU
		{DE05F777-183A-462B-9C34-C0477B3C95E4}.Release|x64.ActiveCfg = Release|x64
		{DE05F777-183A-462B-9C34-C0477B3C95E4}.Release|x64.Build.0 = Release|x64
		{DE05F777-183A-462B-9C34-C0477B3C95E4}.Release|x86.ActiveCfg = Release|x86
		{DE05F777-183A-462B-9C34-C0477B3C95E4}.Release|x86.Build.0 = Release|x86
		{F3A4C299-FCBE-4425-85B4-5CFA42D7F235}.Debug|Any CPU.ActiveCfg = Debug|Any CPU
		{F3A4C299-FCBE-4425-85B4-5CFA42D7F235}.Debug|Any CPU.Build.0 = Debug|Any CPU
		{F3A4C299-FCBE-4425-85B4-5CFA42D7F235}.Debug|x64.ActiveCfg = Debug|x64
		{F3A4C299-FCBE-4425-85B4-5CFA42D7F235}.Debug|x64.Build.0 = Debug|x64
		{F3A4C299-FCBE-4425-85B4-5CFA42D7F235}.Debug|x86.ActiveCfg = Debug|x86
		{F3A4C299-FCBE-4425-85B4-5CFA42D7F235}.Debug|x86.Build.0 = Debug|x86
		{F3A4C299-FCBE-4425-85B4-5CFA42D7F235}.Release|Any CPU.ActiveCfg = Release|Any CPU
		{F3A4C299-FCBE-4425-85B4-5CFA42D7F235}.Release|Any CPU.Build.0 = Release|Any CPU
		{F3A4C299-FCBE-4425-85B4-5CFA42D7F235}.Release|x64.ActiveCfg = Release|x64
		{F3A4C299-FCBE-4425-85B4-5CFA42D7F235}.Release|x64.Build.0 = Release|x64
		{F3A4C299-FCBE-4425-85B4-5CFA42D7F235}.Release|x86.ActiveCfg = Release|x86
		{F3A4C299-FCBE-4425-85B4-5CFA42D7F235}.Release|x86.Build.0 = Release|x86
		{EB2B7823-455B-44E1-9CCB-70498001E69D}.Debug|Any CPU.ActiveCfg = Debug|Any CPU
		{EB2B7823-455B-44E1-9CCB-70498001E69D}.Debug|Any CPU.Build.0 = Debug|Any CPU
		{EB2B7823-455B-44E1-9CCB-70498001E69D}.Debug|x64.ActiveCfg = Debug|x64
		{EB2B7823-455B-44E1-9CCB-70498001E69D}.Debug|x64.Build.0 = Debug|x64
		{EB2B7823-455B-44E1-9CCB-70498001E69D}.Debug|x86.ActiveCfg = Debug|x86
		{EB2B7823-455B-44E1-9CCB-70498001E69D}.Debug|x86.Build.0 = Debug|x86
		{EB2B7823-455B-44E1-9CCB-70498001E69D}.Release|Any CPU.ActiveCfg = Release|Any CPU
		{EB2B7823-455B-44E1-9CCB-70498001E69D}.Release|Any CPU.Build.0 = Release|Any CPU
		{EB2B7823-455B-44E1-9CCB-70498001E69D}.Release|x64.ActiveCfg = Release|x64
		{EB2B7823-455B-44E1-9CCB-70498001E69D}.Release|x64.Build.0 = Release|x64
		{EB2B7823-455B-44E1-9CCB-70498001E69D}.Release|x86.ActiveCfg = Release|x86
		{EB2B7823-455B-44E1-9CCB-70498001E69D}.Release|x86.Build.0 = Release|x86
		{834A15EE-D778-4FED-8164-799C6107122E}.Debug|Any CPU.ActiveCfg = Debug|Any CPU
		{834A15EE-D778-4FED-8164-799C6107122E}.Debug|Any CPU.Build.0 = Debug|Any CPU
		{834A15EE-D778-4FED-8164-799C6107122E}.Debug|x64.ActiveCfg = Debug|x64
		{834A15EE-D778-4FED-8164-799C6107122E}.Debug|x64.Build.0 = Debug|x64
		{834A15EE-D778-4FED-8164-799C6107122E}.Debug|x86.ActiveCfg = Debug|x86
		{834A15EE-D778-4FED-8164-799C6107122E}.Debug|x86.Build.0 = Debug|x86
		{834A15EE-D778-4FED-8164-799C6107122E}.Release|Any CPU.ActiveCfg = Release|Any CPU
		{834A15EE-D778-4FED-8164-799C6107122E}.Release|Any CPU.Build.0 = Release|Any CPU
		{834A15EE-D778-4FED-8164-799C6107122E}.Release|x64.ActiveCfg = Release|x64
		{834A15EE-D778-4FED-8164-799C6107122E}.Release|x64.Build.0 = Release|x64
		{834A15EE-D778-4FED-8164-799C6107122E}.Release|x86.ActiveCfg = Release|x86
		{834A15EE-D778-4FED-8164-799C6107122E}.Release|x86.Build.0 = Release|x86
		{FC6990AD-DB3B-4850-8C38-901DC9952451}.Debug|Any CPU.ActiveCfg = Debug|Any CPU
		{FC6990AD-DB3B-4850-8C38-901DC9952451}.Debug|Any CPU.Build.0 = Debug|Any CPU
		{FC6990AD-DB3B-4850-8C38-901DC9952451}.Debug|x64.ActiveCfg = Debug|Any CPU
		{FC6990AD-DB3B-4850-8C38-901DC9952451}.Debug|x64.Build.0 = Debug|Any CPU
		{FC6990AD-DB3B-4850-8C38-901DC9952451}.Debug|x86.ActiveCfg = Debug|Any CPU
		{FC6990AD-DB3B-4850-8C38-901DC9952451}.Debug|x86.Build.0 = Debug|Any CPU
		{FC6990AD-DB3B-4850-8C38-901DC9952451}.Release|Any CPU.ActiveCfg = Release|Any CPU
		{FC6990AD-DB3B-4850-8C38-901DC9952451}.Release|Any CPU.Build.0 = Release|Any CPU
		{FC6990AD-DB3B-4850-8C38-901DC9952451}.Release|x64.ActiveCfg = Release|Any CPU
		{FC6990AD-DB3B-4850-8C38-901DC9952451}.Release|x64.Build.0 = Release|Any CPU
		{FC6990AD-DB3B-4850-8C38-901DC9952451}.Release|x86.ActiveCfg = Release|Any CPU
		{FC6990AD-DB3B-4850-8C38-901DC9952451}.Release|x86.Build.0 = Release|Any CPU
		{006E6A9D-E92E-424B-9F35-70C30F28E4DD}.Debug|Any CPU.ActiveCfg = Debug|Any CPU
		{006E6A9D-E92E-424B-9F35-70C30F28E4DD}.Debug|Any CPU.Build.0 = Debug|Any CPU
		{006E6A9D-E92E-424B-9F35-70C30F28E4DD}.Debug|x64.ActiveCfg = Debug|Any CPU
		{006E6A9D-E92E-424B-9F35-70C30F28E4DD}.Debug|x64.Build.0 = Debug|Any CPU
		{006E6A9D-E92E-424B-9F35-70C30F28E4DD}.Debug|x86.ActiveCfg = Debug|Any CPU
		{006E6A9D-E92E-424B-9F35-70C30F28E4DD}.Debug|x86.Build.0 = Debug|Any CPU
		{006E6A9D-E92E-424B-9F35-70C30F28E4DD}.Release|Any CPU.ActiveCfg = Release|Any CPU
		{006E6A9D-E92E-424B-9F35-70C30F28E4DD}.Release|Any CPU.Build.0 = Release|Any CPU
		{006E6A9D-E92E-424B-9F35-70C30F28E4DD}.Release|x64.ActiveCfg = Release|Any CPU
		{006E6A9D-E92E-424B-9F35-70C30F28E4DD}.Release|x64.Build.0 = Release|Any CPU
		{006E6A9D-E92E-424B-9F35-70C30F28E4DD}.Release|x86.ActiveCfg = Release|Any CPU
		{006E6A9D-E92E-424B-9F35-70C30F28E4DD}.Release|x86.Build.0 = Release|Any CPU
	EndGlobalSection
	GlobalSection(SolutionProperties) = preSolution
		HideSolutionNode = FALSE
	EndGlobalSection
	GlobalSection(ExtensibilityGlobals) = postSolution
		SolutionGuid = {F16766B3-3730-474F-874F-85AC7244D7ED}
	EndGlobalSection
EndGlobal
